
Microsoft Visual Studio Solution File, Format Version 12.00
# Visual Studio Version 17
VisualStudioVersion = 17.1.32328.378
MinimumVisualStudioVersion = 10.0.40219.1
Project("{FAE04EC0-301F-11D3-BF4B-00C04F79EFBC}") = "CouldPress", "CouldPress\CouldPress.csproj", "{FF53F98D-F65F-4AA3-B87E-6C240B1CCE8E}"
EndProject
Global
	GlobalSection(SolutionConfigurationPlatforms) = preSolution
		Debug|Any CPU = Debug|Any CPU
		Release|Any CPU = Release|Any CPU
	EndGlobalSection
	GlobalSection(ProjectConfigurationPlatforms) = postSolution
		{FF53F98D-F65F-4AA3-B87E-6C240B1CCE8E}.Debug|Any CPU.ActiveCfg = Debug|Any CPU
		{FF53F98D-F65F-4AA3-B87E-6C240B1CCE8E}.Debug|Any CPU.Build.0 = Debug|Any CPU
		{FF53F98D-F65F-4AA3-B87E-6C240B1CCE8E}.Release|Any CPU.ActiveCfg = Release|Any CPU
		{FF53F98D-F65F-4AA3-B87E-6C240B1CCE8E}.Release|Any CPU.Build.0 = Release|Any CPU
	EndGlobalSection
	GlobalSection(SolutionProperties) = preSolution
		HideSolutionNode = FALSE
	EndGlobalSection
	GlobalSection(ExtensibilityGlobals) = postSolution
		SolutionGuid = {59D7D4F7-DDDC-43D5-86B9-F745920FEFEF}
	EndGlobalSection
EndGlobal
